
Microsoft Visual Studio Solution File, Format Version 12.00
# Visual Studio Version 17
VisualStudioVersion = 17.0.31903.59
MinimumVisualStudioVersion = 10.0.40219.1
Project("{FAE04EC0-301F-11D3-BF4B-00C04F79EFBC}") = "GoodHabits.Client", "GoodHabits.Client\GoodHabits.Client.csproj", "{A1F2FE24-B70C-4F28-8173-799DE6D19C21}"
EndProject
Project("{FAE04EC0-301F-11D3-BF4B-00C04F79EFBC}") = "GoodHabits.HabitService", "GoodHabits.HabitService\GoodHabits.HabitService.csproj", "{B6FE6CB0-F4AF-4DA2-AC33-BB759A675832}"
EndProject
Project("{FAE04EC0-301F-11D3-BF4B-00C04F79EFBC}") = "GoodHabits.Database", "GoodHabits.Database\GoodHabits.Database.csproj", "{D7E4BFAD-9F86-4A10-9756-38DDE83EBDF2}"
EndProject
Global
	GlobalSection(SolutionConfigurationPlatforms) = preSolution
		Debug|Any CPU = Debug|Any CPU
		Release|Any CPU = Release|Any CPU
	EndGlobalSection
	GlobalSection(SolutionProperties) = preSolution
		HideSolutionNode = FALSE
	EndGlobalSection
	GlobalSection(ProjectConfigurationPlatforms) = postSolution
		{A1F2FE24-B70C-4F28-8173-799DE6D19C21}.Debug|Any CPU.ActiveCfg = Debug|Any CPU
		{A1F2FE24-B70C-4F28-8173-799DE6D19C21}.Debug|Any CPU.Build.0 = Debug|Any CPU
		{A1F2FE24-B70C-4F28-8173-799DE6D19C21}.Release|Any CPU.ActiveCfg = Release|Any CPU
		{A1F2FE24-B70C-4F28-8173-799DE6D19C21}.Release|Any CPU.Build.0 = Release|Any CPU
		{B6FE6CB0-F4AF-4DA2-AC33-BB759A675832}.Debug|Any CPU.ActiveCfg = Debug|Any CPU
		{B6FE6CB0-F4AF-4DA2-AC33-BB759A675832}.Debug|Any CPU.Build.0 = Debug|Any CPU
		{B6FE6CB0-F4AF-4DA2-AC33-BB759A675832}.Release|Any CPU.ActiveCfg = Release|Any CPU
		{B6FE6CB0-F4AF-4DA2-AC33-BB759A675832}.Release|Any CPU.Build.0 = Release|Any CPU
		{D7E4BFAD-9F86-4A10-9756-38DDE83EBDF2}.Debug|Any CPU.ActiveCfg = Debug|Any CPU
		{D7E4BFAD-9F86-4A10-9756-38DDE83EBDF2}.Debug|Any CPU.Build.0 = Debug|Any CPU
		{D7E4BFAD-9F86-4A10-9756-38DDE83EBDF2}.Release|Any CPU.ActiveCfg = Release|Any CPU
		{D7E4BFAD-9F86-4A10-9756-38DDE83EBDF2}.Release|Any CPU.Build.0 = Release|Any CPU
	EndGlobalSection
EndGlobal
