
Microsoft Visual Studio Solution File, Format Version 12.00
# Visual Studio Version 17
VisualStudioVersion = 17.0.31903.59
MinimumVisualStudioVersion = 10.0.40219.1
Project("{FAE04EC0-301F-11D3-BF4B-00C04F79EFBC}") = "GoodHabits.Client", "GoodHabits.Client\GoodHabits.Client.csproj", "{A1F2FE24-B70C-4F28-8173-799DE6D19C21}"
EndProject
Project("{FAE04EC0-301F-11D3-BF4B-00C04F79EFBC}") = "GoodHabits.HabitService", "GoodHabits.HabitService\GoodHabits.HabitService.csproj", "{B6FE6CB0-F4AF-4DA2-AC33-BB759A675832}"
EndProject
Project("{FAE04EC0-301F-11D3-BF4B-00C04F79EFBC}") = "GoodHabits.Database", "GoodHabits.Database\GoodHabits.Database.csproj", "{D7E4BFAD-9F86-4A10-9756-38DDE83EBDF2}"
EndProject
Project("{FAE04EC0-301F-11D3-BF4B-00C04F79EFBC}") = "GoodHabits.UserService", "GoodHabits.UserService\GoodHabits.UserService.csproj", "{523D471A-5476-4DA9-BB8E-FF1A67197A25}"
EndProject
Project("{2150E333-8FDC-42A3-9474-1A3956D46DE8}") = "test", "test", "{B2EC2A24-8C9A-414A-BC45-1C9351F3761E}"
EndProject
Project("{FAE04EC0-301F-11D3-BF4B-00C04F79EFBC}") = "GoodHabits.HabitService.Tests", "test\GoodHabits.HabitService.Tests\GoodHabits.HabitService.Tests.csproj", "{F9BACD06-EED8-4FCB-B41F-805CBFC7F6B6}"
EndProject
Global
	GlobalSection(SolutionConfigurationPlatforms) = preSolution
		Debug|Any CPU = Debug|Any CPU
		Release|Any CPU = Release|Any CPU
	EndGlobalSection
	GlobalSection(SolutionProperties) = preSolution
		HideSolutionNode = FALSE
	EndGlobalSection
	GlobalSection(ProjectConfigurationPlatforms) = postSolution
		{A1F2FE24-B70C-4F28-8173-799DE6D19C21}.Debug|Any CPU.ActiveCfg = Debug|Any CPU
		{A1F2FE24-B70C-4F28-8173-799DE6D19C21}.Debug|Any CPU.Build.0 = Debug|Any CPU
		{A1F2FE24-B70C-4F28-8173-799DE6D19C21}.Release|Any CPU.ActiveCfg = Release|Any CPU
		{A1F2FE24-B70C-4F28-8173-799DE6D19C21}.Release|Any CPU.Build.0 = Release|Any CPU
		{B6FE6CB0-F4AF-4DA2-AC33-BB759A675832}.Debug|Any CPU.ActiveCfg = Debug|Any CPU
		{B6FE6CB0-F4AF-4DA2-AC33-BB759A675832}.Debug|Any CPU.Build.0 = Debug|Any CPU
		{B6FE6CB0-F4AF-4DA2-AC33-BB759A675832}.Release|Any CPU.ActiveCfg = Release|Any CPU
		{B6FE6CB0-F4AF-4DA2-AC33-BB759A675832}.Release|Any CPU.Build.0 = Release|Any CPU
		{D7E4BFAD-9F86-4A10-9756-38DDE83EBDF2}.Debug|Any CPU.ActiveCfg = Debug|Any CPU
		{D7E4BFAD-9F86-4A10-9756-38DDE83EBDF2}.Debug|Any CPU.Build.0 = Debug|Any CPU
		{D7E4BFAD-9F86-4A10-9756-38DDE83EBDF2}.Release|Any CPU.ActiveCfg = Release|Any CPU
		{D7E4BFAD-9F86-4A10-9756-38DDE83EBDF2}.Release|Any CPU.Build.0 = Release|Any CPU
		{523D471A-5476-4DA9-BB8E-FF1A67197A25}.Debug|Any CPU.ActiveCfg = Debug|Any CPU
		{523D471A-5476-4DA9-BB8E-FF1A67197A25}.Debug|Any CPU.Build.0 = Debug|Any CPU
		{523D471A-5476-4DA9-BB8E-FF1A67197A25}.Release|Any CPU.ActiveCfg = Release|Any CPU
		{523D471A-5476-4DA9-BB8E-FF1A67197A25}.Release|Any CPU.Build.0 = Release|Any CPU
		{F9BACD06-EED8-4FCB-B41F-805CBFC7F6B6}.Debug|Any CPU.ActiveCfg = Debug|Any CPU
		{F9BACD06-EED8-4FCB-B41F-805CBFC7F6B6}.Debug|Any CPU.Build.0 = Debug|Any CPU
		{F9BACD06-EED8-4FCB-B41F-805CBFC7F6B6}.Release|Any CPU.ActiveCfg = Release|Any CPU
		{F9BACD06-EED8-4FCB-B41F-805CBFC7F6B6}.Release|Any CPU.Build.0 = Release|Any CPU
	EndGlobalSection
	GlobalSection(NestedProjects) = preSolution
		{F9BACD06-EED8-4FCB-B41F-805CBFC7F6B6} = {B2EC2A24-8C9A-414A-BC45-1C9351F3761E}
	EndGlobalSection
EndGlobal
